// !$*UTF8*$!
{
	archiveVersion = 1;
	classes = {
	};
	objectVersion = 50;
	objects = {

/* Begin PBXBuildFile section */
		C0DBDB5025B4E06C00EB8808 /* AppDelegate.swift in Sources */ = {isa = PBXBuildFile; fileRef = C0DBDB4F25B4E06C00EB8808 /* AppDelegate.swift */; };
		C0DBDB5225B4E06C00EB8808 /* SceneDelegate.swift in Sources */ = {isa = PBXBuildFile; fileRef = C0DBDB5125B4E06C00EB8808 /* SceneDelegate.swift */; };
		C0DBDB5425B4E06C00EB8808 /* ContentView.swift in Sources */ = {isa = PBXBuildFile; fileRef = C0DBDB5325B4E06C00EB8808 /* ContentView.swift */; };
		C0DBDB5625B4E06E00EB8808 /* Assets.xcassets in Resources */ = {isa = PBXBuildFile; fileRef = C0DBDB5525B4E06E00EB8808 /* Assets.xcassets */; };
		C0DBDB5925B4E06E00EB8808 /* Preview Assets.xcassets in Resources */ = {isa = PBXBuildFile; fileRef = C0DBDB5825B4E06E00EB8808 /* Preview Assets.xcassets */; };
		C0DBDB5C25B4E06E00EB8808 /* LaunchScreen.storyboard in Resources */ = {isa = PBXBuildFile; fileRef = C0DBDB5A25B4E06E00EB8808 /* LaunchScreen.storyboard */; };
		C0DBDB6625B4E0ED00EB8808 /* WeatherModel.swift in Sources */ = {isa = PBXBuildFile; fileRef = C0DBDB6525B4E0ED00EB8808 /* WeatherModel.swift */; };
		C0DBDB6B25B4E1C400EB8808 /* WeatherService.swift in Sources */ = {isa = PBXBuildFile; fileRef = C0DBDB6A25B4E1C400EB8808 /* WeatherService.swift */; };
/* End PBXBuildFile section */

/* Begin PBXFileReference section */
		C0DBDB4C25B4E06C00EB8808 /* WeatherSwiftUI.app */ = {isa = PBXFileReference; explicitFileType = wrapper.application; includeInIndex = 0; path = WeatherSwiftUI.app; sourceTree = BUILT_PRODUCTS_DIR; };
		C0DBDB4F25B4E06C00EB8808 /* AppDelegate.swift */ = {isa = PBXFileReference; lastKnownFileType = sourcecode.swift; path = AppDelegate.swift; sourceTree = "<group>"; };
		C0DBDB5125B4E06C00EB8808 /* SceneDelegate.swift */ = {isa = PBXFileReference; lastKnownFileType = sourcecode.swift; path = SceneDelegate.swift; sourceTree = "<group>"; };
		C0DBDB5325B4E06C00EB8808 /* ContentView.swift */ = {isa = PBXFileReference; lastKnownFileType = sourcecode.swift; path = ContentView.swift; sourceTree = "<group>"; };
		C0DBDB5525B4E06E00EB8808 /* Assets.xcassets */ = {isa = PBXFileReference; lastKnownFileType = folder.assetcatalog; path = Assets.xcassets; sourceTree = "<group>"; };
		C0DBDB5825B4E06E00EB8808 /* Preview Assets.xcassets */ = {isa = PBXFileReference; lastKnownFileType = folder.assetcatalog; path = "Preview Assets.xcassets"; sourceTree = "<group>"; };
		C0DBDB5B25B4E06E00EB8808 /* Base */ = {isa = PBXFileReference; lastKnownFileType = file.storyboard; name = Base; path = Base.lproj/LaunchScreen.storyboard; sourceTree = "<group>"; };
		C0DBDB5D25B4E06E00EB8808 /* Info.plist */ = {isa = PBXFileReference; lastKnownFileType = text.plist.xml; path = Info.plist; sourceTree = "<group>"; };
		C0DBDB6525B4E0ED00EB8808 /* WeatherModel.swift */ = {isa = PBXFileReference; lastKnownFileType = sourcecode.swift; path = WeatherModel.swift; sourceTree = "<group>"; };
		C0DBDB6A25B4E1C400EB8808 /* WeatherService.swift */ = {isa = PBXFileReference; lastKnownFileType = sourcecode.swift; path = WeatherService.swift; sourceTree = "<group>"; };
/* End PBXFileReference section */

/* Begin PBXFrameworksBuildPhase section */
		C0DBDB4925B4E06C00EB8808 /* Frameworks */ = {
			isa = PBXFrameworksBuildPhase;
			buildActionMask = 2147483647;
			files = (
			);
			runOnlyForDeploymentPostprocessing = 0;
		};
/* End PBXFrameworksBuildPhase section */

/* Begin PBXGroup section */
		C0DBDB4325B4E06C00EB8808 = {
			isa = PBXGroup;
			children = (
				C0DBDB4E25B4E06C00EB8808 /* WeatherSwiftUI */,
				C0DBDB4D25B4E06C00EB8808 /* Products */,
			);
			sourceTree = "<group>";
		};
		C0DBDB4D25B4E06C00EB8808 /* Products */ = {
			isa = PBXGroup;
			children = (
				C0DBDB4C25B4E06C00EB8808 /* WeatherSwiftUI.app */,
			);
			name = Products;
			sourceTree = "<group>";
		};
		C0DBDB4E25B4E06C00EB8808 /* WeatherSwiftUI */ = {
			isa = PBXGroup;
			children = (
				C0DBDB6425B4E0D300EB8808 /* Models */,
				C0DBDB4F25B4E06C00EB8808 /* AppDelegate.swift */,
				C0DBDB5125B4E06C00EB8808 /* SceneDelegate.swift */,
				C0DBDB5325B4E06C00EB8808 /* ContentView.swift */,
				C0DBDB5525B4E06E00EB8808 /* Assets.xcassets */,
				C0DBDB5A25B4E06E00EB8808 /* LaunchScreen.storyboard */,
				C0DBDB5D25B4E06E00EB8808 /* Info.plist */,
				C0DBDB5725B4E06E00EB8808 /* Preview Content */,
			);
			path = WeatherSwiftUI;
			sourceTree = "<group>";
		};
		C0DBDB5725B4E06E00EB8808 /* Preview Content */ = {
			isa = PBXGroup;
			children = (
				C0DBDB5825B4E06E00EB8808 /* Preview Assets.xcassets */,
			);
			path = "Preview Content";
			sourceTree = "<group>";
		};
		C0DBDB6425B4E0D300EB8808 /* Models */ = {
			isa = PBXGroup;
			children = (
				C0DBDB6525B4E0ED00EB8808 /* WeatherModel.swift */,
				C0DBDB6925B4E18500EB8808 /* Services */,
			);
			path = Models;
			sourceTree = "<group>";
		};
		C0DBDB6925B4E18500EB8808 /* Services */ = {
			isa = PBXGroup;
			children = (
				C0DBDB6A25B4E1C400EB8808 /* WeatherService.swift */,
			);
			path = Services;
			sourceTree = "<group>";
		};
/* End PBXGroup section */

/* Begin PBXNativeTarget section */
		C0DBDB4B25B4E06C00EB8808 /* WeatherSwiftUI */ = {
			isa = PBXNativeTarget;
			buildConfigurationList = C0DBDB6025B4E06E00EB8808 /* Build configuration list for PBXNativeTarget "WeatherSwiftUI" */;
			buildPhases = (
				C0DBDB4825B4E06C00EB8808 /* Sources */,
				C0DBDB4925B4E06C00EB8808 /* Frameworks */,
				C0DBDB4A25B4E06C00EB8808 /* Resources */,
			);
			buildRules = (
			);
			dependencies = (
			);
			name = WeatherSwiftUI;
			productName = WeatherSwiftUI;
			productReference = C0DBDB4C25B4E06C00EB8808 /* WeatherSwiftUI.app */;
			productType = "com.apple.product-type.application";
		};
/* End PBXNativeTarget section */

/* Begin PBXProject section */
		C0DBDB4425B4E06C00EB8808 /* Project object */ = {
			isa = PBXProject;
			attributes = {
				LastSwiftUpdateCheck = 1230;
				LastUpgradeCheck = 1230;
				TargetAttributes = {
					C0DBDB4B25B4E06C00EB8808 = {
						CreatedOnToolsVersion = 12.3;
					};
				};
			};
			buildConfigurationList = C0DBDB4725B4E06C00EB8808 /* Build configuration list for PBXProject "WeatherSwiftUI" */;
			compatibilityVersion = "Xcode 9.3";
			developmentRegion = en;
			hasScannedForEncodings = 0;
			knownRegions = (
				en,
				Base,
			);
			mainGroup = C0DBDB4325B4E06C00EB8808;
			productRefGroup = C0DBDB4D25B4E06C00EB8808 /* Products */;
			projectDirPath = "";
			projectRoot = "";
			targets = (
				C0DBDB4B25B4E06C00EB8808 /* WeatherSwiftUI */,
			);
		};
/* End PBXProject section */

/* Begin PBXResourcesBuildPhase section */
		C0DBDB4A25B4E06C00EB8808 /* Resources */ = {
			isa = PBXResourcesBuildPhase;
			buildActionMask = 2147483647;
			files = (
				C0DBDB5C25B4E06E00EB8808 /* LaunchScreen.storyboard in Resources */,
				C0DBDB5925B4E06E00EB8808 /* Preview Assets.xcassets in Resources */,
				C0DBDB5625B4E06E00EB8808 /* Assets.xcassets in Resources */,
			);
			runOnlyForDeploymentPostprocessing = 0;
		};
/* End PBXResourcesBuildPhase section */

/* Begin PBXSourcesBuildPhase section */
		C0DBDB4825B4E06C00EB8808 /* Sources */ = {
			isa = PBXSourcesBuildPhase;
			buildActionMask = 2147483647;
			files = (
				C0DBDB6B25B4E1C400EB8808 /* WeatherService.swift in Sources */,
				C0DBDB5025B4E06C00EB8808 /* AppDelegate.swift in Sources */,
				C0DBDB5225B4E06C00EB8808 /* SceneDelegate.swift in Sources */,
				C0DBDB6625B4E0ED00EB8808 /* WeatherModel.swift in Sources */,
				C0DBDB5425B4E06C00EB8808 /* ContentView.swift in Sources */,
			);
			runOnlyForDeploymentPostprocessing = 0;
		};
/* End PBXSourcesBuildPhase section */

/* Begin PBXVariantGroup section */
		C0DBDB5A25B4E06E00EB8808 /* LaunchScreen.storyboard */ = {
			isa = PBXVariantGroup;
			children = (
				C0DBDB5B25B4E06E00EB8808 /* Base */,
			);
			name = LaunchScreen.storyboard;
			sourceTree = "<group>";
		};
/* End PBXVariantGroup section */

/* Begin XCBuildConfiguration section */
		C0DBDB5E25B4E06E00EB8808 /* Debug */ = {
			isa = XCBuildConfiguration;
			buildSettings = {
				ALWAYS_SEARCH_USER_PATHS = NO;
				CLANG_ANALYZER_NONNULL = YES;
				CLANG_ANALYZER_NUMBER_OBJECT_CONVERSION = YES_AGGRESSIVE;
				CLANG_CXX_LANGUAGE_STANDARD = "gnu++14";
				CLANG_CXX_LIBRARY = "libc++";
				CLANG_ENABLE_MODULES = YES;
				CLANG_ENABLE_OBJC_ARC = YES;
				CLANG_ENABLE_OBJC_WEAK = YES;
				CLANG_WARN_BLOCK_CAPTURE_AUTORELEASING = YES;
				CLANG_WARN_BOOL_CONVERSION = YES;
				CLANG_WARN_COMMA = YES;
				CLANG_WARN_CONSTANT_CONVERSION = YES;
				CLANG_WARN_DEPRECATED_OBJC_IMPLEMENTATIONS = YES;
				CLANG_WARN_DIRECT_OBJC_ISA_USAGE = YES_ERROR;
				CLANG_WARN_DOCUMENTATION_COMMENTS = YES;
				CLANG_WARN_EMPTY_BODY = YES;
				CLANG_WARN_ENUM_CONVERSION = YES;
				CLANG_WARN_INFINITE_RECURSION = YES;
				CLANG_WARN_INT_CONVERSION = YES;
				CLANG_WARN_NON_LITERAL_NULL_CONVERSION = YES;
				CLANG_WARN_OBJC_IMPLICIT_RETAIN_SELF = YES;
				CLANG_WARN_OBJC_LITERAL_CONVERSION = YES;
				CLANG_WARN_OBJC_ROOT_CLASS = YES_ERROR;
				CLANG_WARN_QUOTED_INCLUDE_IN_FRAMEWORK_HEADER = YES;
				CLANG_WARN_RANGE_LOOP_ANALYSIS = YES;
				CLANG_WARN_STRICT_PROTOTYPES = YES;
				CLANG_WARN_SUSPICIOUS_MOVE = YES;
				CLANG_WARN_UNGUARDED_AVAILABILITY = YES_AGGRESSIVE;
				CLANG_WARN_UNREACHABLE_CODE = YES;
				CLANG_WARN__DUPLICATE_METHOD_MATCH = YES;
				COPY_PHASE_STRIP = NO;
				DEBUG_INFORMATION_FORMAT = dwarf;
				ENABLE_STRICT_OBJC_MSGSEND = YES;
				ENABLE_TESTABILITY = YES;
				GCC_C_LANGUAGE_STANDARD = gnu11;
				GCC_DYNAMIC_NO_PIC = NO;
				GCC_NO_COMMON_BLOCKS = YES;
				GCC_OPTIMIZATION_LEVEL = 0;
				GCC_PREPROCESSOR_DEFINITIONS = (
					"DEBUG=1",
					"$(inherited)",
				);
				GCC_WARN_64_TO_32_BIT_CONVERSION = YES;
				GCC_WARN_ABOUT_RETURN_TYPE = YES_ERROR;
				GCC_WARN_UNDECLARED_SELECTOR = YES;
				GCC_WARN_UNINITIALIZED_AUTOS = YES_AGGRESSIVE;
				GCC_WARN_UNUSED_FUNCTION = YES;
				GCC_WARN_UNUSED_VARIABLE = YES;
				IPHONEOS_DEPLOYMENT_TARGET = 14.3;
				MTL_ENABLE_DEBUG_INFO = INCLUDE_SOURCE;
				MTL_FAST_MATH = YES;
				ONLY_ACTIVE_ARCH = YES;
				SDKROOT = iphoneos;
				SWIFT_ACTIVE_COMPILATION_CONDITIONS = DEBUG;
				SWIFT_OPTIMIZATION_LEVEL = "-Onone";
			};
			name = Debug;
		};
		C0DBDB5F25B4E06E00EB8808 /* Release */ = {
			isa = XCBuildConfiguration;
			buildSettings = {
				ALWAYS_SEARCH_USER_PATHS = NO;
				CLANG_ANALYZER_NONNULL = YES;
				CLANG_ANALYZER_NUMBER_OBJECT_CONVERSION = YES_AGGRESSIVE;
				CLANG_CXX_LANGUAGE_STANDARD = "gnu++14";
				CLANG_CXX_LIBRARY = "libc++";
				CLANG_ENABLE_MODULES = YES;
				CLANG_ENABLE_OBJC_ARC = YES;
				CLANG_ENABLE_OBJC_WEAK = YES;
				CLANG_WARN_BLOCK_CAPTURE_AUTORELEASING = YES;
				CLANG_WARN_BOOL_CONVERSION = YES;
				CLANG_WARN_COMMA = YES;
				CLANG_WARN_CONSTANT_CONVERSION = YES;
				CLANG_WARN_DEPRECATED_OBJC_IMPLEMENTATIONS = YES;
				CLANG_WARN_DIRECT_OBJC_ISA_USAGE = YES_ERROR;
				CLANG_WARN_DOCUMENTATION_COMMENTS = YES;
				CLANG_WARN_EMPTY_BODY = YES;
				CLANG_WARN_ENUM_CONVERSION = YES;
				CLANG_WARN_INFINITE_RECURSION = YES;
				CLANG_WARN_INT_CONVERSION = YES;
				CLANG_WARN_NON_LITERAL_NULL_CONVERSION = YES;
				CLANG_WARN_OBJC_IMPLICIT_RETAIN_SELF = YES;
				CLANG_WARN_OBJC_LITERAL_CONVERSION = YES;
				CLANG_WARN_OBJC_ROOT_CLASS = YES_ERROR;
				CLANG_WARN_QUOTED_INCLUDE_IN_FRAMEWORK_HEADER = YES;
				CLANG_WARN_RANGE_LOOP_ANALYSIS = YES;
				CLANG_WARN_STRICT_PROTOTYPES = YES;
				CLANG_WARN_SUSPICIOUS_MOVE = YES;
				CLANG_WARN_UNGUARDED_AVAILABILITY = YES_AGGRESSIVE;
				CLANG_WARN_UNREACHABLE_CODE = YES;
				CLANG_WARN__DUPLICATE_METHOD_MATCH = YES;
				COPY_PHASE_STRIP = NO;
				DEBUG_INFORMATION_FORMAT = "dwarf-with-dsym";
				ENABLE_NS_ASSERTIONS = NO;
				ENABLE_STRICT_OBJC_MSGSEND = YES;
				GCC_C_LANGUAGE_STANDARD = gnu11;
				GCC_NO_COMMON_BLOCKS = YES;
				GCC_WARN_64_TO_32_BIT_CONVERSION = YES;
				GCC_WARN_ABOUT_RETURN_TYPE = YES_ERROR;
				GCC_WARN_UNDECLARED_SELECTOR = YES;
				GCC_WARN_UNINITIALIZED_AUTOS = YES_AGGRESSIVE;
				GCC_WARN_UNUSED_FUNCTION = YES;
				GCC_WARN_UNUSED_VARIABLE = YES;
				IPHONEOS_DEPLOYMENT_TARGET = 14.3;
				MTL_ENABLE_DEBUG_INFO = NO;
				MTL_FAST_MATH = YES;
				SDKROOT = iphoneos;
				SWIFT_COMPILATION_MODE = wholemodule;
				SWIFT_OPTIMIZATION_LEVEL = "-O";
				VALIDATE_PRODUCT = YES;
			};
			name = Release;
		};
		C0DBDB6125B4E06E00EB8808 /* Debug */ = {
			isa = XCBuildConfiguration;
			buildSettings = {
				ASSETCATALOG_COMPILER_APPICON_NAME = AppIcon;
				ASSETCATALOG_COMPILER_GLOBAL_ACCENT_COLOR_NAME = AccentColor;
				CODE_SIGN_STYLE = Automatic;
				DEVELOPMENT_ASSET_PATHS = "\"WeatherSwiftUI/Preview Content\"";
				DEVELOPMENT_TEAM = WRC4QXXN5V;
				ENABLE_PREVIEWS = YES;
				INFOPLIST_FILE = WeatherSwiftUI/Info.plist;
				LD_RUNPATH_SEARCH_PATHS = (
					"$(inherited)",
					"@executable_path/Frameworks",
				);
				PRODUCT_BUNDLE_IDENTIFIER = Marie.Kallop.WeatherSwiftUI;
				PRODUCT_NAME = "$(TARGET_NAME)";
				SWIFT_VERSION = 5.0;
				TARGETED_DEVICE_FAMILY = "1,2";
			};
			name = Debug;
		};
		C0DBDB6225B4E06E00EB8808 /* Release */ = {
			isa = XCBuildConfiguration;
			buildSettings = {
				ASSETCATALOG_COMPILER_APPICON_NAME = AppIcon;
				ASSETCATALOG_COMPILER_GLOBAL_ACCENT_COLOR_NAME = AccentColor;
				CODE_SIGN_STYLE = Automatic;
				DEVELOPMENT_ASSET_PATHS = "\"WeatherSwiftUI/Preview Content\"";
				DEVELOPMENT_TEAM = WRC4QXXN5V;
				ENABLE_PREVIEWS = YES;
				INFOPLIST_FILE = WeatherSwiftUI/Info.plist;
				LD_RUNPATH_SEARCH_PATHS = (
					"$(inherited)",
					"@executable_path/Frameworks",
				);
				PRODUCT_BUNDLE_IDENTIFIER = Marie.Kallop.WeatherSwiftUI;
				PRODUCT_NAME = "$(TARGET_NAME)";
				SWIFT_VERSION = 5.0;
				TARGETED_DEVICE_FAMILY = "1,2";
			};
			name = Release;
		};
/* End XCBuildConfiguration section */

/* Begin XCConfigurationList section */
		C0DBDB4725B4E06C00EB8808 /* Build configuration list for PBXProject "WeatherSwiftUI" */ = {
			isa = XCConfigurationList;
			buildConfigurations = (
				C0DBDB5E25B4E06E00EB8808 /* Debug */,
				C0DBDB5F25B4E06E00EB8808 /* Release */,
			);
			defaultConfigurationIsVisible = 0;
			defaultConfigurationName = Release;
		};
		C0DBDB6025B4E06E00EB8808 /* Build configuration list for PBXNativeTarget "WeatherSwiftUI" */ = {
			isa = XCConfigurationList;
			buildConfigurations = (
				C0DBDB6125B4E06E00EB8808 /* Debug */,
				C0DBDB6225B4E06E00EB8808 /* Release */,
			);
			defaultConfigurationIsVisible = 0;
			defaultConfigurationName = Release;
		};
/* End XCConfigurationList section */
	};
	rootObject = C0DBDB4425B4E06C00EB8808 /* Project object */;
}
